// !$*UTF8*$!
{
	archiveVersion = 1;
	classes = {
	};
	objectVersion = 56;
	objects = {

/* Begin PBXBuildFile section */
		1F13344129E418A000095A12 /* AppDelegate.swift in Sources */ = {isa = PBXBuildFile; fileRef = 1F13344029E418A000095A12 /* AppDelegate.swift */; };
		1F13344329E418A000095A12 /* SceneDelegate.swift in Sources */ = {isa = PBXBuildFile; fileRef = 1F13344229E418A000095A12 /* SceneDelegate.swift */; };
		1F13344529E418A000095A12 /* ViewController.swift in Sources */ = {isa = PBXBuildFile; fileRef = 1F13344429E418A000095A12 /* ViewController.swift */; };
		1F13344829E418A000095A12 /* Main.storyboard in Resources */ = {isa = PBXBuildFile; fileRef = 1F13344629E418A000095A12 /* Main.storyboard */; };
		1F13344A29E418A000095A12 /* Assets.xcassets in Resources */ = {isa = PBXBuildFile; fileRef = 1F13344929E418A000095A12 /* Assets.xcassets */; };
		1F13344D29E418A000095A12 /* LaunchScreen.storyboard in Resources */ = {isa = PBXBuildFile; fileRef = 1F13344B29E418A000095A12 /* LaunchScreen.storyboard */; };
		1F13345629E41DDF00095A12 /* AddMenu.png in Resources */ = {isa = PBXBuildFile; fileRef = 1F13345529E41DDF00095A12 /* AddMenu.png */; };
		1F13345829E427EB00095A12 /* mainImage.png in Resources */ = {isa = PBXBuildFile; fileRef = 1F13345729E427EB00095A12 /* mainImage.png */; };
		1F3A3F0729E6892B00D542FC /* Food.swift in Sources */ = {isa = PBXBuildFile; fileRef = 1F3A3F0629E6892B00D542FC /* Food.swift */; };
		1F3A3F0B29E6AD8700D542FC /* menu.png in Resources */ = {isa = PBXBuildFile; fileRef = 1F3A3F0A29E6AD8700D542FC /* menu.png */; };
		1F8CD06429E42D46007286FB /* main.png in Resources */ = {isa = PBXBuildFile; fileRef = 1F8CD06329E42D46007286FB /* main.png */; };
		1F8CD06629E4312F007286FB /* search.png in Resources */ = {isa = PBXBuildFile; fileRef = 1F8CD06529E4312F007286FB /* search.png */; };
		6C6C0B8D8C704E4B8B6A842D /* Pods_choeatce.framework in Frameworks */ = {isa = PBXBuildFile; fileRef = 39E058BBE860849A706B6A2A /* Pods_choeatce.framework */; };
/* End PBXBuildFile section */

/* Begin PBXFileReference section */
		1EB20D66BC671532089E60C2 /* Pods-choeatce.release.xcconfig */ = {isa = PBXFileReference; includeInIndex = 1; lastKnownFileType = text.xcconfig; name = "Pods-choeatce.release.xcconfig"; path = "Target Support Files/Pods-choeatce/Pods-choeatce.release.xcconfig"; sourceTree = "<group>"; };
		1F13343D29E418A000095A12 /* choeatce.app */ = {isa = PBXFileReference; explicitFileType = wrapper.application; includeInIndex = 0; path = choeatce.app; sourceTree = BUILT_PRODUCTS_DIR; };
		1F13344029E418A000095A12 /* AppDelegate.swift */ = {isa = PBXFileReference; lastKnownFileType = sourcecode.swift; path = AppDelegate.swift; sourceTree = "<group>"; };
		1F13344229E418A000095A12 /* SceneDelegate.swift */ = {isa = PBXFileReference; lastKnownFileType = sourcecode.swift; path = SceneDelegate.swift; sourceTree = "<group>"; };
		1F13344429E418A000095A12 /* ViewController.swift */ = {isa = PBXFileReference; lastKnownFileType = sourcecode.swift; path = ViewController.swift; sourceTree = "<group>"; };
		1F13344729E418A000095A12 /* Base */ = {isa = PBXFileReference; lastKnownFileType = file.storyboard; name = Base; path = Base.lproj/Main.storyboard; sourceTree = "<group>"; };
		1F13344929E418A000095A12 /* Assets.xcassets */ = {isa = PBXFileReference; lastKnownFileType = folder.assetcatalog; path = Assets.xcassets; sourceTree = "<group>"; };
		1F13344C29E418A000095A12 /* Base */ = {isa = PBXFileReference; lastKnownFileType = file.storyboard; name = Base; path = Base.lproj/LaunchScreen.storyboard; sourceTree = "<group>"; };
		1F13344E29E418A000095A12 /* Info.plist */ = {isa = PBXFileReference; lastKnownFileType = text.plist.xml; path = Info.plist; sourceTree = "<group>"; };
		1F13345529E41DDF00095A12 /* AddMenu.png */ = {isa = PBXFileReference; lastKnownFileType = image.png; path = AddMenu.png; sourceTree = "<group>"; };
		1F13345729E427EB00095A12 /* mainImage.png */ = {isa = PBXFileReference; lastKnownFileType = image.png; path = mainImage.png; sourceTree = "<group>"; };
		1F3A3F0629E6892B00D542FC /* Food.swift */ = {isa = PBXFileReference; lastKnownFileType = sourcecode.swift; path = Food.swift; sourceTree = "<group>"; };
		1F3A3F0A29E6AD8700D542FC /* menu.png */ = {isa = PBXFileReference; lastKnownFileType = image.png; path = menu.png; sourceTree = "<group>"; };
		1F8CD06329E42D46007286FB /* main.png */ = {isa = PBXFileReference; lastKnownFileType = image.png; path = main.png; sourceTree = "<group>"; };
		1F8CD06529E4312F007286FB /* search.png */ = {isa = PBXFileReference; lastKnownFileType = image.png; path = search.png; sourceTree = "<group>"; };
		39E058BBE860849A706B6A2A /* Pods_choeatce.framework */ = {isa = PBXFileReference; explicitFileType = wrapper.framework; includeInIndex = 0; path = Pods_choeatce.framework; sourceTree = BUILT_PRODUCTS_DIR; };
		831AD60EB4A0953B65E470C5 /* Pods-choeatce.debug.xcconfig */ = {isa = PBXFileReference; includeInIndex = 1; lastKnownFileType = text.xcconfig; name = "Pods-choeatce.debug.xcconfig"; path = "Target Support Files/Pods-choeatce/Pods-choeatce.debug.xcconfig"; sourceTree = "<group>"; };
/* End PBXFileReference section */

/* Begin PBXFrameworksBuildPhase section */
		1F13343A29E418A000095A12 /* Frameworks */ = {
			isa = PBXFrameworksBuildPhase;
			buildActionMask = 2147483647;
			files = (
				6C6C0B8D8C704E4B8B6A842D /* Pods_choeatce.framework in Frameworks */,
			);
			runOnlyForDeploymentPostprocessing = 0;
		};
/* End PBXFrameworksBuildPhase section */

/* Begin PBXGroup section */
		1F13343429E418A000095A12 = {
			isa = PBXGroup;
			children = (
				1F13343F29E418A000095A12 /* choeatce */,
				1F13343E29E418A000095A12 /* Products */,
				39060E5F8F222531FEFE01E0 /* Pods */,
				DF97E83F481D6CE33A44C49A /* Frameworks */,
			);
			sourceTree = "<group>";
		};
		1F13343E29E418A000095A12 /* Products */ = {
			isa = PBXGroup;
			children = (
				1F13343D29E418A000095A12 /* choeatce.app */,
			);
			name = Products;
			sourceTree = "<group>";
		};
		1F13343F29E418A000095A12 /* choeatce */ = {
			isa = PBXGroup;
			children = (
				1F13345429E41DC900095A12 /* ImageFile */,
				1F13344029E418A000095A12 /* AppDelegate.swift */,
				1F13344229E418A000095A12 /* SceneDelegate.swift */,
				1F13344429E418A000095A12 /* ViewController.swift */,
				1F3A3F0629E6892B00D542FC /* Food.swift */,
				1F13344629E418A000095A12 /* Main.storyboard */,
				1F13344929E418A000095A12 /* Assets.xcassets */,
				1F13344B29E418A000095A12 /* LaunchScreen.storyboard */,
				1F13344E29E418A000095A12 /* Info.plist */,
			);
			path = choeatce;
			sourceTree = "<group>";
		};
		1F13345429E41DC900095A12 /* ImageFile */ = {
			isa = PBXGroup;
			children = (
				1F3A3F0A29E6AD8700D542FC /* menu.png */,
				1F8CD06529E4312F007286FB /* search.png */,
				1F8CD06329E42D46007286FB /* main.png */,
				1F13345729E427EB00095A12 /* mainImage.png */,
				1F13345529E41DDF00095A12 /* AddMenu.png */,
			);
			path = ImageFile;
			sourceTree = "<group>";
		};
		39060E5F8F222531FEFE01E0 /* Pods */ = {
			isa = PBXGroup;
			children = (
				831AD60EB4A0953B65E470C5 /* Pods-choeatce.debug.xcconfig */,
				1EB20D66BC671532089E60C2 /* Pods-choeatce.release.xcconfig */,
			);
			path = Pods;
			sourceTree = "<group>";
		};
		DF97E83F481D6CE33A44C49A /* Frameworks */ = {
			isa = PBXGroup;
			children = (
				39E058BBE860849A706B6A2A /* Pods_choeatce.framework */,
			);
			name = Frameworks;
			sourceTree = "<group>";
		};
/* End PBXGroup section */

/* Begin PBXNativeTarget section */
		1F13343C29E418A000095A12 /* choeatce */ = {
			isa = PBXNativeTarget;
			buildConfigurationList = 1F13345129E418A000095A12 /* Build configuration list for PBXNativeTarget "choeatce" */;
			buildPhases = (
				5AC45F36F8BBCE67207E3BCD /* [CP] Check Pods Manifest.lock */,
				1F13343929E418A000095A12 /* Sources */,
				1F13343A29E418A000095A12 /* Frameworks */,
				1F13343B29E418A000095A12 /* Resources */,
				99BD0D91C8F9596A04FF1C74 /* [CP] Embed Pods Frameworks */,
			);
			buildRules = (
			);
			dependencies = (
			);
			name = choeatce;
			productName = choeatce;
			productReference = 1F13343D29E418A000095A12 /* choeatce.app */;
			productType = "com.apple.product-type.application";
		};
/* End PBXNativeTarget section */

/* Begin PBXProject section */
		1F13343529E418A000095A12 /* Project object */ = {
			isa = PBXProject;
			attributes = {
				BuildIndependentTargetsInParallel = 1;
				LastSwiftUpdateCheck = 1420;
				LastUpgradeCheck = 1420;
				TargetAttributes = {
					1F13343C29E418A000095A12 = {
						CreatedOnToolsVersion = 14.2;
					};
				};
			};
			buildConfigurationList = 1F13343829E418A000095A12 /* Build configuration list for PBXProject "choeatce" */;
			compatibilityVersion = "Xcode 14.0";
			developmentRegion = en;
			hasScannedForEncodings = 0;
			knownRegions = (
				en,
				Base,
			);
			mainGroup = 1F13343429E418A000095A12;
			productRefGroup = 1F13343E29E418A000095A12 /* Products */;
			projectDirPath = "";
			projectRoot = "";
			targets = (
				1F13343C29E418A000095A12 /* choeatce */,
			);
		};
/* End PBXProject section */

/* Begin PBXResourcesBuildPhase section */
		1F13343B29E418A000095A12 /* Resources */ = {
			isa = PBXResourcesBuildPhase;
			buildActionMask = 2147483647;
			files = (
				1F13344D29E418A000095A12 /* LaunchScreen.storyboard in Resources */,
				1F13344A29E418A000095A12 /* Assets.xcassets in Resources */,
				1F3A3F0B29E6AD8700D542FC /* menu.png in Resources */,
				1F8CD06429E42D46007286FB /* main.png in Resources */,
				1F8CD06629E4312F007286FB /* search.png in Resources */,
				1F13345829E427EB00095A12 /* mainImage.png in Resources */,
				1F13345629E41DDF00095A12 /* AddMenu.png in Resources */,
				1F13344829E418A000095A12 /* Main.storyboard in Resources */,
			);
			runOnlyForDeploymentPostprocessing = 0;
		};
/* End PBXResourcesBuildPhase section */

/* Begin PBXShellScriptBuildPhase section */
		5AC45F36F8BBCE67207E3BCD /* [CP] Check Pods Manifest.lock */ = {
			isa = PBXShellScriptBuildPhase;
			buildActionMask = 2147483647;
			files = (
			);
			inputFileListPaths = (
			);
			inputPaths = (
				"${PODS_PODFILE_DIR_PATH}/Podfile.lock",
				"${PODS_ROOT}/Manifest.lock",
			);
			name = "[CP] Check Pods Manifest.lock";
			outputFileListPaths = (
			);
			outputPaths = (
				"$(DERIVED_FILE_DIR)/Pods-choeatce-checkManifestLockResult.txt",
			);
			runOnlyForDeploymentPostprocessing = 0;
			shellPath = /bin/sh;
			shellScript = "diff \"${PODS_PODFILE_DIR_PATH}/Podfile.lock\" \"${PODS_ROOT}/Manifest.lock\" > /dev/null\nif [ $? != 0 ] ; then\n    # print error to STDERR\n    echo \"error: The sandbox is not in sync with the Podfile.lock. Run 'pod install' or update your CocoaPods installation.\" >&2\n    exit 1\nfi\n# This output is used by Xcode 'outputs' to avoid re-running this script phase.\necho \"SUCCESS\" > \"${SCRIPT_OUTPUT_FILE_0}\"\n";
			showEnvVarsInLog = 0;
		};
		99BD0D91C8F9596A04FF1C74 /* [CP] Embed Pods Frameworks */ = {
			isa = PBXShellScriptBuildPhase;
			buildActionMask = 2147483647;
			files = (
			);
			inputFileListPaths = (
				"${PODS_ROOT}/Target Support Files/Pods-choeatce/Pods-choeatce-frameworks-${CONFIGURATION}-input-files.xcfilelist",
			);
			name = "[CP] Embed Pods Frameworks";
			outputFileListPaths = (
				"${PODS_ROOT}/Target Support Files/Pods-choeatce/Pods-choeatce-frameworks-${CONFIGURATION}-output-files.xcfilelist",
			);
			runOnlyForDeploymentPostprocessing = 0;
			shellPath = /bin/sh;
			shellScript = "\"${PODS_ROOT}/Target Support Files/Pods-choeatce/Pods-choeatce-frameworks.sh\"\n";
			showEnvVarsInLog = 0;
		};
/* End PBXShellScriptBuildPhase section */

/* Begin PBXSourcesBuildPhase section */
		1F13343929E418A000095A12 /* Sources */ = {
			isa = PBXSourcesBuildPhase;
			buildActionMask = 2147483647;
			files = (
				1F13344529E418A000095A12 /* ViewController.swift in Sources */,
				1F3A3F0729E6892B00D542FC /* Food.swift in Sources */,
				1F13344129E418A000095A12 /* AppDelegate.swift in Sources */,
				1F13344329E418A000095A12 /* SceneDelegate.swift in Sources */,
			);
			runOnlyForDeploymentPostprocessing = 0;
		};
/* End PBXSourcesBuildPhase section */

/* Begin PBXVariantGroup section */
		1F13344629E418A000095A12 /* Main.storyboard */ = {
			isa = PBXVariantGroup;
			children = (
				1F13344729E418A000095A12 /* Base */,
			);
			name = Main.storyboard;
			sourceTree = "<group>";
		};
		1F13344B29E418A000095A12 /* LaunchScreen.storyboard */ = {
			isa = PBXVariantGroup;
			children = (
				1F13344C29E418A000095A12 /* Base */,
			);
			name = LaunchScreen.storyboard;
			sourceTree = "<group>";
		};
/* End PBXVariantGroup section */

/* Begin XCBuildConfiguration section */
		1F13344F29E418A000095A12 /* Debug */ = {
			isa = XCBuildConfiguration;
			buildSettings = {
				ALWAYS_SEARCH_USER_PATHS = NO;
				CLANG_ANALYZER_NONNULL = YES;
				CLANG_ANALYZER_NUMBER_OBJECT_CONVERSION = YES_AGGRESSIVE;
				CLANG_CXX_LANGUAGE_STANDARD = "gnu++20";
				CLANG_ENABLE_MODULES = YES;
				CLANG_ENABLE_OBJC_ARC = YES;
				CLANG_ENABLE_OBJC_WEAK = YES;
				CLANG_WARN_BLOCK_CAPTURE_AUTORELEASING = YES;
				CLANG_WARN_BOOL_CONVERSION = YES;
				CLANG_WARN_COMMA = YES;
				CLANG_WARN_CONSTANT_CONVERSION = YES;
				CLANG_WARN_DEPRECATED_OBJC_IMPLEMENTATIONS = YES;
				CLANG_WARN_DIRECT_OBJC_ISA_USAGE = YES_ERROR;
				CLANG_WARN_DOCUMENTATION_COMMENTS = YES;
				CLANG_WARN_EMPTY_BODY = YES;
				CLANG_WARN_ENUM_CONVERSION = YES;
				CLANG_WARN_INFINITE_RECURSION = YES;
				CLANG_WARN_INT_CONVERSION = YES;
				CLANG_WARN_NON_LITERAL_NULL_CONVERSION = YES;
				CLANG_WARN_OBJC_IMPLICIT_RETAIN_SELF = YES;
				CLANG_WARN_OBJC_LITERAL_CONVERSION = YES;
				CLANG_WARN_OBJC_ROOT_CLASS = YES_ERROR;
				CLANG_WARN_QUOTED_INCLUDE_IN_FRAMEWORK_HEADER = YES;
				CLANG_WARN_RANGE_LOOP_ANALYSIS = YES;
				CLANG_WARN_STRICT_PROTOTYPES = YES;
				CLANG_WARN_SUSPICIOUS_MOVE = YES;
				CLANG_WARN_UNGUARDED_AVAILABILITY = YES_AGGRESSIVE;
				CLANG_WARN_UNREACHABLE_CODE = YES;
				CLANG_WARN__DUPLICATE_METHOD_MATCH = YES;
				COPY_PHASE_STRIP = NO;
				DEBUG_INFORMATION_FORMAT = dwarf;
				ENABLE_STRICT_OBJC_MSGSEND = YES;
				ENABLE_TESTABILITY = YES;
				GCC_C_LANGUAGE_STANDARD = gnu11;
				GCC_DYNAMIC_NO_PIC = NO;
				GCC_NO_COMMON_BLOCKS = YES;
				GCC_OPTIMIZATION_LEVEL = 0;
				GCC_PREPROCESSOR_DEFINITIONS = (
					"DEBUG=1",
					"$(inherited)",
				);
				GCC_WARN_64_TO_32_BIT_CONVERSION = YES;
				GCC_WARN_ABOUT_RETURN_TYPE = YES_ERROR;
				GCC_WARN_UNDECLARED_SELECTOR = YES;
				GCC_WARN_UNINITIALIZED_AUTOS = YES_AGGRESSIVE;
				GCC_WARN_UNUSED_FUNCTION = YES;
				GCC_WARN_UNUSED_VARIABLE = YES;
				IPHONEOS_DEPLOYMENT_TARGET = 16.2;
				MTL_ENABLE_DEBUG_INFO = INCLUDE_SOURCE;
				MTL_FAST_MATH = YES;
				ONLY_ACTIVE_ARCH = YES;
				SDKROOT = iphoneos;
				SWIFT_ACTIVE_COMPILATION_CONDITIONS = DEBUG;
				SWIFT_OPTIMIZATION_LEVEL = "-Onone";
			};
			name = Debug;
		};
		1F13345029E418A000095A12 /* Release */ = {
			isa = XCBuildConfiguration;
			buildSettings = {
				ALWAYS_SEARCH_USER_PATHS = NO;
				CLANG_ANALYZER_NONNULL = YES;
				CLANG_ANALYZER_NUMBER_OBJECT_CONVERSION = YES_AGGRESSIVE;
				CLANG_CXX_LANGUAGE_STANDARD = "gnu++20";
				CLANG_ENABLE_MODULES = YES;
				CLANG_ENABLE_OBJC_ARC = YES;
				CLANG_ENABLE_OBJC_WEAK = YES;
				CLANG_WARN_BLOCK_CAPTURE_AUTORELEASING = YES;
				CLANG_WARN_BOOL_CONVERSION = YES;
				CLANG_WARN_COMMA = YES;
				CLANG_WARN_CONSTANT_CONVERSION = YES;
				CLANG_WARN_DEPRECATED_OBJC_IMPLEMENTATIONS = YES;
				CLANG_WARN_DIRECT_OBJC_ISA_USAGE = YES_ERROR;
				CLANG_WARN_DOCUMENTATION_COMMENTS = YES;
				CLANG_WARN_EMPTY_BODY = YES;
				CLANG_WARN_ENUM_CONVERSION = YES;
				CLANG_WARN_INFINITE_RECURSION = YES;
				CLANG_WARN_INT_CONVERSION = YES;
				CLANG_WARN_NON_LITERAL_NULL_CONVERSION = YES;
				CLANG_WARN_OBJC_IMPLICIT_RETAIN_SELF = YES;
				CLANG_WARN_OBJC_LITERAL_CONVERSION = YES;
				CLANG_WARN_OBJC_ROOT_CLASS = YES_ERROR;
				CLANG_WARN_QUOTED_INCLUDE_IN_FRAMEWORK_HEADER = YES;
				CLANG_WARN_RANGE_LOOP_ANALYSIS = YES;
				CLANG_WARN_STRICT_PROTOTYPES = YES;
				CLANG_WARN_SUSPICIOUS_MOVE = YES;
				CLANG_WARN_UNGUARDED_AVAILABILITY = YES_AGGRESSIVE;
				CLANG_WARN_UNREACHABLE_CODE = YES;
				CLANG_WARN__DUPLICATE_METHOD_MATCH = YES;
				COPY_PHASE_STRIP = NO;
				DEBUG_INFORMATION_FORMAT = "dwarf-with-dsym";
				ENABLE_NS_ASSERTIONS = NO;
				ENABLE_STRICT_OBJC_MSGSEND = YES;
				GCC_C_LANGUAGE_STANDARD = gnu11;
				GCC_NO_COMMON_BLOCKS = YES;
				GCC_WARN_64_TO_32_BIT_CONVERSION = YES;
				GCC_WARN_ABOUT_RETURN_TYPE = YES_ERROR;
				GCC_WARN_UNDECLARED_SELECTOR = YES;
				GCC_WARN_UNINITIALIZED_AUTOS = YES_AGGRESSIVE;
				GCC_WARN_UNUSED_FUNCTION = YES;
				GCC_WARN_UNUSED_VARIABLE = YES;
				IPHONEOS_DEPLOYMENT_TARGET = 16.2;
				MTL_ENABLE_DEBUG_INFO = NO;
				MTL_FAST_MATH = YES;
				SDKROOT = iphoneos;
				SWIFT_COMPILATION_MODE = wholemodule;
				SWIFT_OPTIMIZATION_LEVEL = "-O";
				VALIDATE_PRODUCT = YES;
			};
			name = Release;
		};
		1F13345229E418A000095A12 /* Debug */ = {
			isa = XCBuildConfiguration;
			baseConfigurationReference = 831AD60EB4A0953B65E470C5 /* Pods-choeatce.debug.xcconfig */;
			buildSettings = {
				ASSETCATALOG_COMPILER_APPICON_NAME = AppIcon;
				ASSETCATALOG_COMPILER_GLOBAL_ACCENT_COLOR_NAME = AccentColor;
				CODE_SIGN_STYLE = Automatic;
				CURRENT_PROJECT_VERSION = 1;
				DEVELOPMENT_TEAM = WTK65UP9RZ;
				GENERATE_INFOPLIST_FILE = YES;
				INFOPLIST_FILE = choeatce/Info.plist;
				INFOPLIST_KEY_UIApplicationSupportsIndirectInputEvents = YES;
				INFOPLIST_KEY_UILaunchStoryboardName = LaunchScreen;
				INFOPLIST_KEY_UIMainStoryboardFile = Main;
				INFOPLIST_KEY_UISupportedInterfaceOrientations_iPad = "UIInterfaceOrientationPortrait UIInterfaceOrientationPortraitUpsideDown UIInterfaceOrientationLandscapeLeft UIInterfaceOrientationLandscapeRight";
				INFOPLIST_KEY_UISupportedInterfaceOrientations_iPhone = "UIInterfaceOrientationPortrait UIInterfaceOrientationLandscapeLeft UIInterfaceOrientationLandscapeRight";
				IPHONEOS_DEPLOYMENT_TARGET = 14.2;
				LD_RUNPATH_SEARCH_PATHS = (
					"$(inherited)",
					"@executable_path/Frameworks",
				);
				MARKETING_VERSION = 1.0;
				PRODUCT_BUNDLE_IDENTIFIER = com.sangdolee.choeatce;
				PRODUCT_NAME = "$(TARGET_NAME)";
				SWIFT_EMIT_LOC_STRINGS = YES;
				SWIFT_VERSION = 5.0;
				TARGETED_DEVICE_FAMILY = "1,2";
			};
			name = Debug;
		};
		1F13345329E418A000095A12 /* Release */ = {
			isa = XCBuildConfiguration;
			baseConfigurationReference = 1EB20D66BC671532089E60C2 /* Pods-choeatce.release.xcconfig */;
			buildSettings = {
				ASSETCATALOG_COMPILER_APPICON_NAME = AppIcon;
				ASSETCATALOG_COMPILER_GLOBAL_ACCENT_COLOR_NAME = AccentColor;
				CODE_SIGN_STYLE = Automatic;
				CURRENT_PROJECT_VERSION = 1;
				DEVELOPMENT_TEAM = WTK65UP9RZ;
				GENERATE_INFOPLIST_FILE = YES;
				INFOPLIST_FILE = choeatce/Info.plist;
				INFOPLIST_KEY_UIApplicationSupportsIndirectInputEvents = YES;
				INFOPLIST_KEY_UILaunchStoryboardName = LaunchScreen;
				INFOPLIST_KEY_UIMainStoryboardFile = Main;
				INFOPLIST_KEY_UISupportedInterfaceOrientations_iPad = "UIInterfaceOrientationPortrait UIInterfaceOrientationPortraitUpsideDown UIInterfaceOrientationLandscapeLeft UIInterfaceOrientationLandscapeRight";
				INFOPLIST_KEY_UISupportedInterfaceOrientations_iPhone = "UIInterfaceOrientationPortrait UIInterfaceOrientationLandscapeLeft UIInterfaceOrientationLandscapeRight";
				IPHONEOS_DEPLOYMENT_TARGET = 14.2;
				LD_RUNPATH_SEARCH_PATHS = (
					"$(inherited)",
					"@executable_path/Frameworks",
				);
				MARKETING_VERSION = 1.0;
				PRODUCT_BUNDLE_IDENTIFIER = com.sangdolee.choeatce;
				PRODUCT_NAME = "$(TARGET_NAME)";
				SWIFT_EMIT_LOC_STRINGS = YES;
				SWIFT_VERSION = 5.0;
				TARGETED_DEVICE_FAMILY = "1,2";
			};
			name = Release;
		};
/* End XCBuildConfiguration section */

/* Begin XCConfigurationList section */
		1F13343829E418A000095A12 /* Build configuration list for PBXProject "choeatce" */ = {
			isa = XCConfigurationList;
			buildConfigurations = (
				1F13344F29E418A000095A12 /* Debug */,
				1F13345029E418A000095A12 /* Release */,
			);
			defaultConfigurationIsVisible = 0;
			defaultConfigurationName = Release;
		};
		1F13345129E418A000095A12 /* Build configuration list for PBXNativeTarget "choeatce" */ = {
			isa = XCConfigurationList;
			buildConfigurations = (
				1F13345229E418A000095A12 /* Debug */,
				1F13345329E418A000095A12 /* Release */,
			);
			defaultConfigurationIsVisible = 0;
			defaultConfigurationName = Release;
		};
/* End XCConfigurationList section */
	};
	rootObject = 1F13343529E418A000095A12 /* Project object */;
}
